{
  "name": "projectManagmentApplication",
  "lockfileVersion": 3,
  "requires": true,
  "packages": {
    "": {
      "dependencies": {
        "@syncfusion/ej2-react-kanban": "^31.2.12"
      }
    },
    "node_modules/@syncfusion/ej2-base": {
      "version": "31.2.18",
      "resolved": "https://registry.npmjs.org/@syncfusion/ej2-base/-/ej2-base-31.2.18.tgz",
      "integrity": "sha512-sZyoftjdPyP1rM/0CxHKxt/2p+FGXtqxqFb6I2E7lWVVt5uQfs31mCWjCI0nWV0AmqbGw7uHa+1NFA8iKiUauQ==",
      "license": "SEE LICENSE IN license",
      "dependencies": {
        "@syncfusion/ej2-icons": "~31.2.12"
      },
      "bin": {
        "syncfusion-license": "bin/syncfusion-license.js"
      }
    },
    "node_modules/@syncfusion/ej2-buttons": {
      "version": "31.2.18",
      "resolved": "https://registry.npmjs.org/@syncfusion/ej2-buttons/-/ej2-buttons-31.2.18.tgz",
      "integrity": "sha512-EWlj9f1dTzyVL8hrmEyidKPhmkamEqvZp3qR/aTM2b3conkOGm8/rTSSZSz3SkHBLmW0PaIb4DkpIlFZlfGRfQ==",
      "license": "SEE LICENSE IN license",
      "dependencies": {
        "@syncfusion/ej2-base": "~31.2.18"
      }
    },
    "node_modules/@syncfusion/ej2-data": {
      "version": "31.2.18",
      "resolved": "https://registry.npmjs.org/@syncfusion/ej2-data/-/ej2-data-31.2.18.tgz",
      "integrity": "sha512-CtsLfXPvXT1WmidwyyJiRxC++QxQrkWvhl8Nt+lay/nsN2t3ztOTYX6lN5rtPdFOkTtPBpNfPjJm0oli+bLhCw==",
      "license": "SEE LICENSE IN license",
      "dependencies": {
        "@syncfusion/ej2-base": "~31.2.18"
      }
    },
    "node_modules/@syncfusion/ej2-dropdowns": {
      "version": "31.2.18",
      "resolved": "https://registry.npmjs.org/@syncfusion/ej2-dropdowns/-/ej2-dropdowns-31.2.18.tgz",
      "integrity": "sha512-KFY+Vy9cLAfJUIAKs4pk6SjPX0jcYkeUscDqiF2HjdgBDM0+G5n3mlj8cq9mPevMtoQcef+TaRqc7N4SgL2ueA==",
      "license": "SEE LICENSE IN license",
      "dependencies": {
        "@syncfusion/ej2-base": "~31.2.18",
        "@syncfusion/ej2-data": "~31.2.18",
        "@syncfusion/ej2-inputs": "~31.2.15",
        "@syncfusion/ej2-lists": "~31.2.12",
        "@syncfusion/ej2-navigations": "~31.2.16",
        "@syncfusion/ej2-notifications": "~31.2.12",
        "@syncfusion/ej2-popups": "~31.2.12"
      }
    },
    "node_modules/@syncfusion/ej2-icons": {
      "version": "31.2.12",
      "resolved": "https://registry.npmjs.org/@syncfusion/ej2-icons/-/ej2-icons-31.2.12.tgz",
      "integrity": "sha512-hunyEoMWV5a40qCCURN5ggmjMM7srqMMlaUqRT1YBDRu4yDbKpJDeiA1QpAr2hHmEOwCKHkWX/L7WWQ2YRXqKg==",
      "license": "SEE LICENSE IN license"
    },
    "node_modules/@syncfusion/ej2-inputs": {
      "version": "31.2.15",
      "resolved": "https://registry.npmjs.org/@syncfusion/ej2-inputs/-/ej2-inputs-31.2.15.tgz",
      "integrity": "sha512-1aDfcjMln2vZzaSguU4k6yug1gLOyOv7Jp9Hx1g3mzVp712oDEhBsr8yWtyWtkDmkgCjetV2d2Bcih0K45lXaw==",
      "license": "SEE LICENSE IN license",
      "dependencies": {
        "@syncfusion/ej2-base": "~31.2.12",
        "@syncfusion/ej2-buttons": "~31.2.12",
        "@syncfusion/ej2-popups": "~31.2.12",
        "@syncfusion/ej2-splitbuttons": "~31.2.12"
      }
    },
    "node_modules/@syncfusion/ej2-kanban": {
      "version": "31.2.12",
      "resolved": "https://registry.npmjs.org/@syncfusion/ej2-kanban/-/ej2-kanban-31.2.12.tgz",
      "integrity": "sha512-s4XsiVoRq9HsoVKZVIiDrqOnMCVpT1RjpkWoI/lmjvDurxGZ/tG7aeWWpgVk1CnjWMzsdw+s/Fh3CtliFYFwvg==",
      "license": "SEE LICENSE IN license",
      "dependencies": {
        "@syncfusion/ej2-base": "~31.2.12",
        "@syncfusion/ej2-buttons": "~31.2.12",
        "@syncfusion/ej2-data": "~31.2.12",
        "@syncfusion/ej2-dropdowns": "~31.2.12",
        "@syncfusion/ej2-inputs": "~31.2.12",
        "@syncfusion/ej2-layouts": "~31.2.12",
        "@syncfusion/ej2-navigations": "~31.2.12",
        "@syncfusion/ej2-notifications": "~31.2.12",
        "@syncfusion/ej2-popups": "~31.2.12"
      }
    },
    "node_modules/@syncfusion/ej2-layouts": {
      "version": "31.2.12",
      "resolved": "https://registry.npmjs.org/@syncfusion/ej2-layouts/-/ej2-layouts-31.2.12.tgz",
      "integrity": "sha512-BVkIq5ZRVuPocfzx6MLuUOK4LWhOhHiRHgmfQYHmMoIif0ht/+0zBj+pUu+EyDMwej1D7FhjDEbdIvdSnrSwOw==",
      "license": "SEE LICENSE IN license",
      "dependencies": {
        "@syncfusion/ej2-base": "~31.2.12"
      }
    },
    "node_modules/@syncfusion/ej2-lists": {
      "version": "31.2.12",
      "resolved": "https://registry.npmjs.org/@syncfusion/ej2-lists/-/ej2-lists-31.2.12.tgz",
      "integrity": "sha512-cxrrpv9aQf2li9iC0uWsIqXqVYmYZMiROo0WwXZrz/cGBe59tXhqkTnLjVScZ7mZtZJNEjovF+fxUGWwb6lu3w==",
      "license": "SEE LICENSE IN license",
      "dependencies": {
        "@syncfusion/ej2-base": "~31.2.12",
        "@syncfusion/ej2-buttons": "~31.2.12",
        "@syncfusion/ej2-data": "~31.2.12",
        "@syncfusion/ej2-popups": "~31.2.12"
      }
    },
    "node_modules/@syncfusion/ej2-navigations": {
      "version": "31.2.16",
      "resolved": "https://registry.npmjs.org/@syncfusion/ej2-navigations/-/ej2-navigations-31.2.16.tgz",
      "integrity": "sha512-V1l/utJYcTALLJkgMnh106r/o2Td2gznH8N3319mNSZ5raKIVVj1zZrDOksFsK7JZxCF8BBjNaB1TAvcl/7Tbw==",
      "license": "SEE LICENSE IN license",
      "dependencies": {
        "@syncfusion/ej2-base": "~31.2.12",
        "@syncfusion/ej2-buttons": "~31.2.16",
        "@syncfusion/ej2-data": "~31.2.16",
        "@syncfusion/ej2-inputs": "~31.2.15",
        "@syncfusion/ej2-lists": "~31.2.12",
        "@syncfusion/ej2-popups": "~31.2.12"
      }
    },
    "node_modules/@syncfusion/ej2-notifications": {
      "version": "31.2.12",
      "resolved": "https://registry.npmjs.org/@syncfusion/ej2-notifications/-/ej2-notifications-31.2.12.tgz",
      "integrity": "sha512-ltzlR5DVTe4fIFxI5zHhBs2K1A0HGVHGebahGQrEaM8JNqmQGWVExq1Djfsb1GYADrDQz8SuYUIZzlSQWA6JEw==",
      "license": "SEE LICENSE IN license",
      "dependencies": {
        "@syncfusion/ej2-base": "~31.2.12",
        "@syncfusion/ej2-buttons": "~31.2.12",
        "@syncfusion/ej2-popups": "~31.2.12"
      }
    },
    "node_modules/@syncfusion/ej2-popups": {
      "version": "31.2.12",
      "resolved": "https://registry.npmjs.org/@syncfusion/ej2-popups/-/ej2-popups-31.2.12.tgz",
      "integrity": "sha512-3UnKISEkFhv0tAo7Q/fVpc3UHv0a9sVN4K3kQwklU+LNtFUia58Fbu5gJf/sRiYGZgb0BYdpKbJvSI0Cktet+Q==",
      "license": "SEE LICENSE IN license",
      "dependencies": {
        "@syncfusion/ej2-base": "~31.2.12",
        "@syncfusion/ej2-buttons": "~31.2.12"
      }
    },
    "node_modules/@syncfusion/ej2-react-base": {
      "version": "31.2.12",
      "resolved": "https://registry.npmjs.org/@syncfusion/ej2-react-base/-/ej2-react-base-31.2.12.tgz",
      "integrity": "sha512-EIulpysvvmbJ462mbIoK455CrvRhpMXkqzSWNf+6ZbKoTSMhN4jX0CBjI4zxwqNPTMDUiFoPbe7uujxmNS23Lg==",
      "license": "SEE LICENSE IN license",
      "dependencies": {
        "@syncfusion/ej2-base": "~31.2.12"
      }
    },
    "node_modules/@syncfusion/ej2-react-kanban": {
      "version": "31.2.12",
      "resolved": "https://registry.npmjs.org/@syncfusion/ej2-react-kanban/-/ej2-react-kanban-31.2.12.tgz",
      "integrity": "sha512-LkITSCntBOTU5vDaGSQwZIB0kJ8ZRebGmkQXF9syBQ1FsMB3KgxFQtK+0P7mnD3HOPunoKtshlYUJgTchKwM3Q==",
      "license": "SEE LICENSE IN license",
      "dependencies": {
        "@syncfusion/ej2-base": "~31.2.12",
        "@syncfusion/ej2-kanban": "31.2.12",
        "@syncfusion/ej2-react-base": "~31.2.12"
      }
    },
    "node_modules/@syncfusion/ej2-splitbuttons": {
      "version": "31.2.12",
      "resolved": "https://registry.npmjs.org/@syncfusion/ej2-splitbuttons/-/ej2-splitbuttons-31.2.12.tgz",
      "integrity": "sha512-Zel8IIeKqIPpYe3EaLd8KCcu0aJKzbgaTuH0oXzWSWE7iSffTgNZh8LHoeBbCOWOS6EPlCFYgWDHqZgjUajFdA==",
      "license": "SEE LICENSE IN license",
      "dependencies": {
        "@syncfusion/ej2-base": "~31.2.12",
        "@syncfusion/ej2-popups": "~31.2.12"
      }
    }
  }
}
